{
  "name": "node",
  "lockfileVersion": 2,
  "requires": true,
  "packages": {
    "": {
      "devDependencies": {
        "serverless-disable-functions": "^0.1.0"
      }
    },
    "node_modules/serverless-disable-functions": {
      "version": "0.1.0",
      "resolved": "https://registry.npmjs.org/serverless-disable-functions/-/serverless-disable-functions-0.1.0.tgz",
      "integrity": "sha512-e8QbyedAXktxmKRHoSZQTIaWHVYt3cdWHvX4WQQUyOMVjN9HDf4HFB3DkBoJ71qYaixZxzKS0hI8vNQSgBdwPg==",
      "dev": true,
      "engines": {
        "node": ">=8.10.0"
      }
    }
  },
  "dependencies": {
    "serverless-disable-functions": {
      "version": "0.1.0",
      "resolved": "https://registry.npmjs.org/serverless-disable-functions/-/serverless-disable-functions-0.1.0.tgz",
      "integrity": "sha512-e8QbyedAXktxmKRHoSZQTIaWHVYt3cdWHvX4WQQUyOMVjN9HDf4HFB3DkBoJ71qYaixZxzKS0hI8vNQSgBdwPg==",
      "dev": true
    }
  }
}
